
Microsoft Visual Studio Solution File, Format Version 12.00
# Visual Studio Version 17
VisualStudioVersion = 17.11.35222.181
MinimumVisualStudioVersion = 10.0.40219.1
Project("{FAE04EC0-301F-11D3-BF4B-00C04F79EFBC}") = "A_Say Hello", "A_Say Hello\A_Say Hello.csproj", "{D801599C-A769-4053-A6ED-2C3450C7A023}"
EndProject
Project("{FAE04EC0-301F-11D3-BF4B-00C04F79EFBC}") = "B _Basic Data Types", "B _Basic Data Types\B _Basic Data Types.csproj", "{0B93739E-F22E-4B12-8C5D-F22250ACEEAA}"
EndProject
Project("{FAE04EC0-301F-11D3-BF4B-00C04F79EFBC}") = "C_Simple Calculator", "C_Simple Calculator\C_Simple Calculator.csproj", "{6DDD6DD8-14E2-41D8-B523-2839AF37D65C}"
EndProject
Global
	GlobalSection(SolutionConfigurationPlatforms) = preSolution
		Debug|Any CPU = Debug|Any CPU
		Release|Any CPU = Release|Any CPU
	EndGlobalSection
	GlobalSection(ProjectConfigurationPlatforms) = postSolution
		{D801599C-A769-4053-A6ED-2C3450C7A023}.Debug|Any CPU.ActiveCfg = Debug|Any CPU
		{D801599C-A769-4053-A6ED-2C3450C7A023}.Debug|Any CPU.Build.0 = Debug|Any CPU
		{D801599C-A769-4053-A6ED-2C3450C7A023}.Release|Any CPU.ActiveCfg = Release|Any CPU
		{D801599C-A769-4053-A6ED-2C3450C7A023}.Release|Any CPU.Build.0 = Release|Any CPU
		{0B93739E-F22E-4B12-8C5D-F22250ACEEAA}.Debug|Any CPU.ActiveCfg = Debug|Any CPU
		{0B93739E-F22E-4B12-8C5D-F22250ACEEAA}.Debug|Any CPU.Build.0 = Debug|Any CPU
		{0B93739E-F22E-4B12-8C5D-F22250ACEEAA}.Release|Any CPU.ActiveCfg = Release|Any CPU
		{0B93739E-F22E-4B12-8C5D-F22250ACEEAA}.Release|Any CPU.Build.0 = Release|Any CPU
		{6DDD6DD8-14E2-41D8-B523-2839AF37D65C}.Debug|Any CPU.ActiveCfg = Debug|Any CPU
		{6DDD6DD8-14E2-41D8-B523-2839AF37D65C}.Debug|Any CPU.Build.0 = Debug|Any CPU
		{6DDD6DD8-14E2-41D8-B523-2839AF37D65C}.Release|Any CPU.ActiveCfg = Release|Any CPU
		{6DDD6DD8-14E2-41D8-B523-2839AF37D65C}.Release|Any CPU.Build.0 = Release|Any CPU
	EndGlobalSection
	GlobalSection(SolutionProperties) = preSolution
		HideSolutionNode = FALSE
	EndGlobalSection
	GlobalSection(ExtensibilityGlobals) = postSolution
		SolutionGuid = {1BE93E58-8118-4577-BF88-95F7C19A81D4}
	EndGlobalSection
EndGlobal
